// !$*UTF8*$!
{
	archiveVersion = 1;
	classes = {
	};
	objectVersion = 51;
	objects = {

/* Begin PBXBuildFile section */
		8C788EF3D944FA3215AD7BA0 /* Pods_AppAlbum.framework in Frameworks */ = {isa = PBXBuildFile; fileRef = 2893DF13CE25E6FC96869187 /* Pods_AppAlbum.framework */; };
		97081EB024165352007A9C50 /* AppDelegate.swift in Sources */ = {isa = PBXBuildFile; fileRef = 97081EAF24165352007A9C50 /* AppDelegate.swift */; };
		97081EB224165352007A9C50 /* SceneDelegate.swift in Sources */ = {isa = PBXBuildFile; fileRef = 97081EB124165352007A9C50 /* SceneDelegate.swift */; };
		97081EB424165352007A9C50 /* ContentView.swift in Sources */ = {isa = PBXBuildFile; fileRef = 97081EB324165352007A9C50 /* ContentView.swift */; };
		97081EB624165353007A9C50 /* Assets.xcassets in Resources */ = {isa = PBXBuildFile; fileRef = 97081EB524165353007A9C50 /* Assets.xcassets */; };
		97081EB924165353007A9C50 /* Preview Assets.xcassets in Resources */ = {isa = PBXBuildFile; fileRef = 97081EB824165353007A9C50 /* Preview Assets.xcassets */; };
		97081EBC24165353007A9C50 /* LaunchScreen.storyboard in Resources */ = {isa = PBXBuildFile; fileRef = 97081EBA24165353007A9C50 /* LaunchScreen.storyboard */; };
		97081EC624165438007A9C50 /* Main.storyboard in Resources */ = {isa = PBXBuildFile; fileRef = 97081EC524165438007A9C50 /* Main.storyboard */; };
		97081EC82416545A007A9C50 /* ViewController.swift in Sources */ = {isa = PBXBuildFile; fileRef = 97081EC72416545A007A9C50 /* ViewController.swift */; };
		97081ED1241655B7007A9C50 /* AlbumCell.swift in Sources */ = {isa = PBXBuildFile; fileRef = 97081ECF241655B7007A9C50 /* AlbumCell.swift */; };
		97081ED2241655B7007A9C50 /* AlbumCell.xib in Resources */ = {isa = PBXBuildFile; fileRef = 97081ED0241655B7007A9C50 /* AlbumCell.xib */; };
		97081ED424165817007A9C50 /* AlbumViewModel.swift in Sources */ = {isa = PBXBuildFile; fileRef = 97081ED324165817007A9C50 /* AlbumViewModel.swift */; };
		97081ED7241658B2007A9C50 /* ImageViewExtension.swift in Sources */ = {isa = PBXBuildFile; fileRef = 97081ED6241658B2007A9C50 /* ImageViewExtension.swift */; };
		97081ED924165A4B007A9C50 /* ApiHandler.swift in Sources */ = {isa = PBXBuildFile; fileRef = 97081ED824165A4B007A9C50 /* ApiHandler.swift */; };
		97081EDB24165AA2007A9C50 /* Constant.swift in Sources */ = {isa = PBXBuildFile; fileRef = 97081EDA24165AA2007A9C50 /* Constant.swift */; };
		97081EFE24168094007A9C50 /* AlbumData.swift in Sources */ = {isa = PBXBuildFile; fileRef = 97081EFD24168094007A9C50 /* AlbumData.swift */; };
		97081F212416CE91007A9C50 /* LoaderView.swift in Sources */ = {isa = PBXBuildFile; fileRef = 97081F202416CE91007A9C50 /* LoaderView.swift */; };
/* End PBXBuildFile section */

/* Begin PBXFileReference section */
		234C67D7A880041E3D9DF80F /* Pods-AppAlbum.debug.xcconfig */ = {isa = PBXFileReference; includeInIndex = 1; lastKnownFileType = text.xcconfig; name = "Pods-AppAlbum.debug.xcconfig"; path = "Target Support Files/Pods-AppAlbum/Pods-AppAlbum.debug.xcconfig"; sourceTree = "<group>"; };
		2893DF13CE25E6FC96869187 /* Pods_AppAlbum.framework */ = {isa = PBXFileReference; explicitFileType = wrapper.framework; includeInIndex = 0; path = Pods_AppAlbum.framework; sourceTree = BUILT_PRODUCTS_DIR; };
		374A52366E5FB3CD9382C16F /* Pods-AppAlbum.release.xcconfig */ = {isa = PBXFileReference; includeInIndex = 1; lastKnownFileType = text.xcconfig; name = "Pods-AppAlbum.release.xcconfig"; path = "Target Support Files/Pods-AppAlbum/Pods-AppAlbum.release.xcconfig"; sourceTree = "<group>"; };
		97081EAC24165352007A9C50 /* AppAlbum.app */ = {isa = PBXFileReference; explicitFileType = wrapper.application; includeInIndex = 0; path = AppAlbum.app; sourceTree = BUILT_PRODUCTS_DIR; };
		97081EAF24165352007A9C50 /* AppDelegate.swift */ = {isa = PBXFileReference; lastKnownFileType = sourcecode.swift; path = AppDelegate.swift; sourceTree = "<group>"; };
		97081EB124165352007A9C50 /* SceneDelegate.swift */ = {isa = PBXFileReference; lastKnownFileType = sourcecode.swift; path = SceneDelegate.swift; sourceTree = "<group>"; };
		97081EB324165352007A9C50 /* ContentView.swift */ = {isa = PBXFileReference; lastKnownFileType = sourcecode.swift; path = ContentView.swift; sourceTree = "<group>"; };
		97081EB524165353007A9C50 /* Assets.xcassets */ = {isa = PBXFileReference; lastKnownFileType = folder.assetcatalog; path = Assets.xcassets; sourceTree = "<group>"; };
		97081EB824165353007A9C50 /* Preview Assets.xcassets */ = {isa = PBXFileReference; lastKnownFileType = folder.assetcatalog; path = "Preview Assets.xcassets"; sourceTree = "<group>"; };
		97081EBB24165353007A9C50 /* Base */ = {isa = PBXFileReference; lastKnownFileType = file.storyboard; name = Base; path = Base.lproj/LaunchScreen.storyboard; sourceTree = "<group>"; };
		97081EBD24165353007A9C50 /* Info.plist */ = {isa = PBXFileReference; lastKnownFileType = text.plist.xml; path = Info.plist; sourceTree = "<group>"; };
		97081EC524165438007A9C50 /* Main.storyboard */ = {isa = PBXFileReference; lastKnownFileType = file.storyboard; path = Main.storyboard; sourceTree = "<group>"; };
		97081EC72416545A007A9C50 /* ViewController.swift */ = {isa = PBXFileReference; lastKnownFileType = sourcecode.swift; path = ViewController.swift; sourceTree = "<group>"; };
		97081ECF241655B7007A9C50 /* AlbumCell.swift */ = {isa = PBXFileReference; lastKnownFileType = sourcecode.swift; path = AlbumCell.swift; sourceTree = "<group>"; };
		97081ED0241655B7007A9C50 /* AlbumCell.xib */ = {isa = PBXFileReference; lastKnownFileType = file.xib; path = AlbumCell.xib; sourceTree = "<group>"; };
		97081ED324165817007A9C50 /* AlbumViewModel.swift */ = {isa = PBXFileReference; lastKnownFileType = sourcecode.swift; path = AlbumViewModel.swift; sourceTree = "<group>"; };
		97081ED6241658B2007A9C50 /* ImageViewExtension.swift */ = {isa = PBXFileReference; lastKnownFileType = sourcecode.swift; path = ImageViewExtension.swift; sourceTree = "<group>"; };
		97081ED824165A4B007A9C50 /* ApiHandler.swift */ = {isa = PBXFileReference; lastKnownFileType = sourcecode.swift; path = ApiHandler.swift; sourceTree = "<group>"; };
		97081EDA24165AA2007A9C50 /* Constant.swift */ = {isa = PBXFileReference; lastKnownFileType = sourcecode.swift; path = Constant.swift; sourceTree = "<group>"; };
		97081EFD24168094007A9C50 /* AlbumData.swift */ = {isa = PBXFileReference; fileEncoding = 4; lastKnownFileType = sourcecode.swift; path = AlbumData.swift; sourceTree = "<group>"; };
		97081F202416CE91007A9C50 /* LoaderView.swift */ = {isa = PBXFileReference; lastKnownFileType = sourcecode.swift; path = LoaderView.swift; sourceTree = "<group>"; };
/* End PBXFileReference section */

/* Begin PBXFrameworksBuildPhase section */
		97081EA924165352007A9C50 /* Frameworks */ = {
			isa = PBXFrameworksBuildPhase;
			buildActionMask = 2147483647;
			files = (
				8C788EF3D944FA3215AD7BA0 /* Pods_AppAlbum.framework in Frameworks */,
			);
			runOnlyForDeploymentPostprocessing = 0;
		};
/* End PBXFrameworksBuildPhase section */

/* Begin PBXGroup section */
		0FB87D34E08791B1BE846E0B /* Pods */ = {
			isa = PBXGroup;
			children = (
				234C67D7A880041E3D9DF80F /* Pods-AppAlbum.debug.xcconfig */,
				374A52366E5FB3CD9382C16F /* Pods-AppAlbum.release.xcconfig */,
			);
			path = Pods;
			sourceTree = "<group>";
		};
		97081EA324165352007A9C50 = {
			isa = PBXGroup;
			children = (
				97081EAE24165352007A9C50 /* AppAlbum */,
				97081EAD24165352007A9C50 /* Products */,
				0FB87D34E08791B1BE846E0B /* Pods */,
				AF8434F977AB38B3562CEC1B /* Frameworks */,
			);
			sourceTree = "<group>";
		};
		97081EAD24165352007A9C50 /* Products */ = {
			isa = PBXGroup;
			children = (
				97081EAC24165352007A9C50 /* AppAlbum.app */,
			);
			name = Products;
			sourceTree = "<group>";
		};
		97081EAE24165352007A9C50 /* AppAlbum */ = {
			isa = PBXGroup;
			children = (
				97081F1F2416CE6A007A9C50 /* Utility */,
				97081EDC2416668B007A9C50 /* StoryBoard */,
				97081ED52416589B007A9C50 /* Extension */,
				97081ECC24165493007A9C50 /* Controller */,
				97081ECB24165484007A9C50 /* ViewModel */,
				97081ECA24165478007A9C50 /* View */,
				97081EC92416546B007A9C50 /* Model */,
				97081EAF24165352007A9C50 /* AppDelegate.swift */,
				97081EB124165352007A9C50 /* SceneDelegate.swift */,
				97081EB324165352007A9C50 /* ContentView.swift */,
				97081EB524165353007A9C50 /* Assets.xcassets */,
				97081EBD24165353007A9C50 /* Info.plist */,
				97081EB724165353007A9C50 /* Preview Content */,
				97081EDA24165AA2007A9C50 /* Constant.swift */,
			);
			path = AppAlbum;
			sourceTree = "<group>";
		};
		97081EB724165353007A9C50 /* Preview Content */ = {
			isa = PBXGroup;
			children = (
				97081EB824165353007A9C50 /* Preview Assets.xcassets */,
			);
			path = "Preview Content";
			sourceTree = "<group>";
		};
		97081EC92416546B007A9C50 /* Model */ = {
			isa = PBXGroup;
			children = (
				97081EFD24168094007A9C50 /* AlbumData.swift */,
			);
			path = Model;
			sourceTree = "<group>";
		};
		97081ECA24165478007A9C50 /* View */ = {
			isa = PBXGroup;
			children = (
				97081ECF241655B7007A9C50 /* AlbumCell.swift */,
				97081ED0241655B7007A9C50 /* AlbumCell.xib */,
			);
			path = View;
			sourceTree = "<group>";
		};
		97081ECB24165484007A9C50 /* ViewModel */ = {
			isa = PBXGroup;
			children = (
				97081ED824165A4B007A9C50 /* ApiHandler.swift */,
				97081ED324165817007A9C50 /* AlbumViewModel.swift */,
			);
			path = ViewModel;
			sourceTree = "<group>";
		};
		97081ECC24165493007A9C50 /* Controller */ = {
			isa = PBXGroup;
			children = (
				97081EC72416545A007A9C50 /* ViewController.swift */,
			);
			path = Controller;
			sourceTree = "<group>";
		};
		97081ED52416589B007A9C50 /* Extension */ = {
			isa = PBXGroup;
			children = (
				97081ED6241658B2007A9C50 /* ImageViewExtension.swift */,
			);
			path = Extension;
			sourceTree = "<group>";
		};
		97081EDC2416668B007A9C50 /* StoryBoard */ = {
			isa = PBXGroup;
			children = (
				97081EC524165438007A9C50 /* Main.storyboard */,
				97081EBA24165353007A9C50 /* LaunchScreen.storyboard */,
			);
			path = StoryBoard;
			sourceTree = "<group>";
		};
		97081F1F2416CE6A007A9C50 /* Utility */ = {
			isa = PBXGroup;
			children = (
				97081F202416CE91007A9C50 /* LoaderView.swift */,
			);
			path = Utility;
			sourceTree = "<group>";
		};
		AF8434F977AB38B3562CEC1B /* Frameworks */ = {
			isa = PBXGroup;
			children = (
				2893DF13CE25E6FC96869187 /* Pods_AppAlbum.framework */,
			);
			name = Frameworks;
			sourceTree = "<group>";
		};
/* End PBXGroup section */

/* Begin PBXNativeTarget section */
		97081EAB24165352007A9C50 /* AppAlbum */ = {
			isa = PBXNativeTarget;
			buildConfigurationList = 97081EC024165353007A9C50 /* Build configuration list for PBXNativeTarget "AppAlbum" */;
			buildPhases = (
				264C45BC7C926CD30355721A /* [CP] Check Pods Manifest.lock */,
				97081EA824165352007A9C50 /* Sources */,
				97081EA924165352007A9C50 /* Frameworks */,
				97081EAA24165352007A9C50 /* Resources */,
				5A1399FF063505413103F853 /* [CP] Embed Pods Frameworks */,
			);
			buildRules = (
			);
			dependencies = (
			);
			name = AppAlbum;
			productName = AppAlbum;
			productReference = 97081EAC24165352007A9C50 /* AppAlbum.app */;
			productType = "com.apple.product-type.application";
		};
/* End PBXNativeTarget section */

/* Begin PBXProject section */
		97081EA424165352007A9C50 /* Project object */ = {
			isa = PBXProject;
			attributes = {
				LastSwiftUpdateCheck = 1130;
				LastUpgradeCheck = 1130;
				ORGANIZATIONNAME = "Pere-Dev";
				TargetAttributes = {
					97081EAB24165352007A9C50 = {
						CreatedOnToolsVersion = 11.3.1;
					};
				};
			};
			buildConfigurationList = 97081EA724165352007A9C50 /* Build configuration list for PBXProject "AppAlbum" */;
			compatibilityVersion = "Xcode 9.3";
			developmentRegion = en;
			hasScannedForEncodings = 0;
			knownRegions = (
				en,
				Base,
			);
			mainGroup = 97081EA324165352007A9C50;
			productRefGroup = 97081EAD24165352007A9C50 /* Products */;
			projectDirPath = "";
			projectRoot = "";
			targets = (
				97081EAB24165352007A9C50 /* AppAlbum */,
			);
		};
/* End PBXProject section */

/* Begin PBXResourcesBuildPhase section */
		97081EAA24165352007A9C50 /* Resources */ = {
			isa = PBXResourcesBuildPhase;
			buildActionMask = 2147483647;
			files = (
				97081EBC24165353007A9C50 /* LaunchScreen.storyboard in Resources */,
				97081EB924165353007A9C50 /* Preview Assets.xcassets in Resources */,
				97081ED2241655B7007A9C50 /* AlbumCell.xib in Resources */,
				97081EB624165353007A9C50 /* Assets.xcassets in Resources */,
				97081EC624165438007A9C50 /* Main.storyboard in Resources */,
			);
			runOnlyForDeploymentPostprocessing = 0;
		};
/* End PBXResourcesBuildPhase section */

/* Begin PBXShellScriptBuildPhase section */
		264C45BC7C926CD30355721A /* [CP] Check Pods Manifest.lock */ = {
			isa = PBXShellScriptBuildPhase;
			buildActionMask = 2147483647;
			files = (
			);
			inputFileListPaths = (
			);
			inputPaths = (
				"${PODS_PODFILE_DIR_PATH}/Podfile.lock",
				"${PODS_ROOT}/Manifest.lock",
			);
			name = "[CP] Check Pods Manifest.lock";
			outputFileListPaths = (
			);
			outputPaths = (
				"$(DERIVED_FILE_DIR)/Pods-AppAlbum-checkManifestLockResult.txt",
			);
			runOnlyForDeploymentPostprocessing = 0;
			shellPath = /bin/sh;
			shellScript = "diff \"${PODS_PODFILE_DIR_PATH}/Podfile.lock\" \"${PODS_ROOT}/Manifest.lock\" > /dev/null\nif [ $? != 0 ] ; then\n    # print error to STDERR\n    echo \"error: The sandbox is not in sync with the Podfile.lock. Run 'pod install' or update your CocoaPods installation.\" >&2\n    exit 1\nfi\n# This output is used by Xcode 'outputs' to avoid re-running this script phase.\necho \"SUCCESS\" > \"${SCRIPT_OUTPUT_FILE_0}\"\n";
			showEnvVarsInLog = 0;
		};
		5A1399FF063505413103F853 /* [CP] Embed Pods Frameworks */ = {
			isa = PBXShellScriptBuildPhase;
			buildActionMask = 2147483647;
			files = (
			);
			inputFileListPaths = (
				"${PODS_ROOT}/Target Support Files/Pods-AppAlbum/Pods-AppAlbum-frameworks-${CONFIGURATION}-input-files.xcfilelist",
			);
			name = "[CP] Embed Pods Frameworks";
			outputFileListPaths = (
				"${PODS_ROOT}/Target Support Files/Pods-AppAlbum/Pods-AppAlbum-frameworks-${CONFIGURATION}-output-files.xcfilelist",
			);
			runOnlyForDeploymentPostprocessing = 0;
			shellPath = /bin/sh;
			shellScript = "\"${PODS_ROOT}/Target Support Files/Pods-AppAlbum/Pods-AppAlbum-frameworks.sh\"\n";
			showEnvVarsInLog = 0;
		};
/* End PBXShellScriptBuildPhase section */

/* Begin PBXSourcesBuildPhase section */
		97081EA824165352007A9C50 /* Sources */ = {
			isa = PBXSourcesBuildPhase;
			buildActionMask = 2147483647;
			files = (
				97081EB024165352007A9C50 /* AppDelegate.swift in Sources */,
				97081F212416CE91007A9C50 /* LoaderView.swift in Sources */,
				97081EB224165352007A9C50 /* SceneDelegate.swift in Sources */,
				97081EC82416545A007A9C50 /* ViewController.swift in Sources */,
				97081ED924165A4B007A9C50 /* ApiHandler.swift in Sources */,
				97081EB424165352007A9C50 /* ContentView.swift in Sources */,
				97081ED424165817007A9C50 /* AlbumViewModel.swift in Sources */,
				97081EDB24165AA2007A9C50 /* Constant.swift in Sources */,
				97081EFE24168094007A9C50 /* AlbumData.swift in Sources */,
				97081ED7241658B2007A9C50 /* ImageViewExtension.swift in Sources */,
				97081ED1241655B7007A9C50 /* AlbumCell.swift in Sources */,
			);
			runOnlyForDeploymentPostprocessing = 0;
		};
/* End PBXSourcesBuildPhase section */

/* Begin PBXVariantGroup section */
		97081EBA24165353007A9C50 /* LaunchScreen.storyboard */ = {
			isa = PBXVariantGroup;
			children = (
				97081EBB24165353007A9C50 /* Base */,
			);
			name = LaunchScreen.storyboard;
			sourceTree = "<group>";
		};
/* End PBXVariantGroup section */

/* Begin XCBuildConfiguration section */
		97081EBE24165353007A9C50 /* Debug */ = {
			isa = XCBuildConfiguration;
			buildSettings = {
				ALWAYS_SEARCH_USER_PATHS = NO;
				CLANG_ANALYZER_NONNULL = YES;
				CLANG_ANALYZER_NUMBER_OBJECT_CONVERSION = YES_AGGRESSIVE;
				CLANG_CXX_LANGUAGE_STANDARD = "gnu++14";
				CLANG_CXX_LIBRARY = "libc++";
				CLANG_ENABLE_MODULES = YES;
				CLANG_ENABLE_OBJC_ARC = YES;
				CLANG_ENABLE_OBJC_WEAK = YES;
				CLANG_WARN_BLOCK_CAPTURE_AUTORELEASING = YES;
				CLANG_WARN_BOOL_CONVERSION = YES;
				CLANG_WARN_COMMA = YES;
				CLANG_WARN_CONSTANT_CONVERSION = YES;
				CLANG_WARN_DEPRECATED_OBJC_IMPLEMENTATIONS = YES;
				CLANG_WARN_DIRECT_OBJC_ISA_USAGE = YES_ERROR;
				CLANG_WARN_DOCUMENTATION_COMMENTS = YES;
				CLANG_WARN_EMPTY_BODY = YES;
				CLANG_WARN_ENUM_CONVERSION = YES;
				CLANG_WARN_INFINITE_RECURSION = YES;
				CLANG_WARN_INT_CONVERSION = YES;
				CLANG_WARN_NON_LITERAL_NULL_CONVERSION = YES;
				CLANG_WARN_OBJC_IMPLICIT_RETAIN_SELF = YES;
				CLANG_WARN_OBJC_LITERAL_CONVERSION = YES;
				CLANG_WARN_OBJC_ROOT_CLASS = YES_ERROR;
				CLANG_WARN_RANGE_LOOP_ANALYSIS = YES;
				CLANG_WARN_STRICT_PROTOTYPES = YES;
				CLANG_WARN_SUSPICIOUS_MOVE = YES;
				CLANG_WARN_UNGUARDED_AVAILABILITY = YES_AGGRESSIVE;
				CLANG_WARN_UNREACHABLE_CODE = YES;
				CLANG_WARN__DUPLICATE_METHOD_MATCH = YES;
				COPY_PHASE_STRIP = NO;
				DEBUG_INFORMATION_FORMAT = dwarf;
				ENABLE_STRICT_OBJC_MSGSEND = YES;
				ENABLE_TESTABILITY = YES;
				GCC_C_LANGUAGE_STANDARD = gnu11;
				GCC_DYNAMIC_NO_PIC = NO;
				GCC_NO_COMMON_BLOCKS = YES;
				GCC_OPTIMIZATION_LEVEL = 0;
				GCC_PREPROCESSOR_DEFINITIONS = (
					"DEBUG=1",
					"$(inherited)",
				);
				GCC_WARN_64_TO_32_BIT_CONVERSION = YES;
				GCC_WARN_ABOUT_RETURN_TYPE = YES_ERROR;
				GCC_WARN_UNDECLARED_SELECTOR = YES;
				GCC_WARN_UNINITIALIZED_AUTOS = YES_AGGRESSIVE;
				GCC_WARN_UNUSED_FUNCTION = YES;
				GCC_WARN_UNUSED_VARIABLE = YES;
				IPHONEOS_DEPLOYMENT_TARGET = 13.2;
				MTL_ENABLE_DEBUG_INFO = INCLUDE_SOURCE;
				MTL_FAST_MATH = YES;
				ONLY_ACTIVE_ARCH = YES;
				SDKROOT = iphoneos;
				SWIFT_ACTIVE_COMPILATION_CONDITIONS = DEBUG;
				SWIFT_OPTIMIZATION_LEVEL = "-Onone";
			};
			name = Debug;
		};
		97081EBF24165353007A9C50 /* Release */ = {
			isa = XCBuildConfiguration;
			buildSettings = {
				ALWAYS_SEARCH_USER_PATHS = NO;
				CLANG_ANALYZER_NONNULL = YES;
				CLANG_ANALYZER_NUMBER_OBJECT_CONVERSION = YES_AGGRESSIVE;
				CLANG_CXX_LANGUAGE_STANDARD = "gnu++14";
				CLANG_CXX_LIBRARY = "libc++";
				CLANG_ENABLE_MODULES = YES;
				CLANG_ENABLE_OBJC_ARC = YES;
				CLANG_ENABLE_OBJC_WEAK = YES;
				CLANG_WARN_BLOCK_CAPTURE_AUTORELEASING = YES;
				CLANG_WARN_BOOL_CONVERSION = YES;
				CLANG_WARN_COMMA = YES;
				CLANG_WARN_CONSTANT_CONVERSION = YES;
				CLANG_WARN_DEPRECATED_OBJC_IMPLEMENTATIONS = YES;
				CLANG_WARN_DIRECT_OBJC_ISA_USAGE = YES_ERROR;
				CLANG_WARN_DOCUMENTATION_COMMENTS = YES;
				CLANG_WARN_EMPTY_BODY = YES;
				CLANG_WARN_ENUM_CONVERSION = YES;
				CLANG_WARN_INFINITE_RECURSION = YES;
				CLANG_WARN_INT_CONVERSION = YES;
				CLANG_WARN_NON_LITERAL_NULL_CONVERSION = YES;
				CLANG_WARN_OBJC_IMPLICIT_RETAIN_SELF = YES;
				CLANG_WARN_OBJC_LITERAL_CONVERSION = YES;
				CLANG_WARN_OBJC_ROOT_CLASS = YES_ERROR;
				CLANG_WARN_RANGE_LOOP_ANALYSIS = YES;
				CLANG_WARN_STRICT_PROTOTYPES = YES;
				CLANG_WARN_SUSPICIOUS_MOVE = YES;
				CLANG_WARN_UNGUARDED_AVAILABILITY = YES_AGGRESSIVE;
				CLANG_WARN_UNREACHABLE_CODE = YES;
				CLANG_WARN__DUPLICATE_METHOD_MATCH = YES;
				COPY_PHASE_STRIP = NO;
				DEBUG_INFORMATION_FORMAT = "dwarf-with-dsym";
				ENABLE_NS_ASSERTIONS = NO;
				ENABLE_STRICT_OBJC_MSGSEND = YES;
				GCC_C_LANGUAGE_STANDARD = gnu11;
				GCC_NO_COMMON_BLOCKS = YES;
				GCC_WARN_64_TO_32_BIT_CONVERSION = YES;
				GCC_WARN_ABOUT_RETURN_TYPE = YES_ERROR;
				GCC_WARN_UNDECLARED_SELECTOR = YES;
				GCC_WARN_UNINITIALIZED_AUTOS = YES_AGGRESSIVE;
				GCC_WARN_UNUSED_FUNCTION = YES;
				GCC_WARN_UNUSED_VARIABLE = YES;
				IPHONEOS_DEPLOYMENT_TARGET = 13.2;
				MTL_ENABLE_DEBUG_INFO = NO;
				MTL_FAST_MATH = YES;
				SDKROOT = iphoneos;
				SWIFT_COMPILATION_MODE = wholemodule;
				SWIFT_OPTIMIZATION_LEVEL = "-O";
				VALIDATE_PRODUCT = YES;
			};
			name = Release;
		};
		97081EC124165353007A9C50 /* Debug */ = {
			isa = XCBuildConfiguration;
			baseConfigurationReference = 234C67D7A880041E3D9DF80F /* Pods-AppAlbum.debug.xcconfig */;
			buildSettings = {
				ASSETCATALOG_COMPILER_APPICON_NAME = AppIcon;
				CODE_SIGN_STYLE = Automatic;
				DEVELOPMENT_ASSET_PATHS = "\"AppAlbum/Preview Content\"";
				ENABLE_PREVIEWS = YES;
				INFOPLIST_FILE = AppAlbum/Info.plist;
				LD_RUNPATH_SEARCH_PATHS = (
					"$(inherited)",
					"@executable_path/Frameworks",
				);
				PRODUCT_BUNDLE_IDENTIFIER = com.perennialsys.AppAlbum;
				PRODUCT_NAME = "$(TARGET_NAME)";
				SWIFT_VERSION = 5.0;
				TARGETED_DEVICE_FAMILY = 1;
			};
			name = Debug;
		};
		97081EC224165353007A9C50 /* Release */ = {
			isa = XCBuildConfiguration;
			baseConfigurationReference = 374A52366E5FB3CD9382C16F /* Pods-AppAlbum.release.xcconfig */;
			buildSettings = {
				ASSETCATALOG_COMPILER_APPICON_NAME = AppIcon;
				CODE_SIGN_STYLE = Automatic;
				DEVELOPMENT_ASSET_PATHS = "\"AppAlbum/Preview Content\"";
				ENABLE_PREVIEWS = YES;
				INFOPLIST_FILE = AppAlbum/Info.plist;
				LD_RUNPATH_SEARCH_PATHS = (
					"$(inherited)",
					"@executable_path/Frameworks",
				);
				PRODUCT_BUNDLE_IDENTIFIER = com.perennialsys.AppAlbum;
				PRODUCT_NAME = "$(TARGET_NAME)";
				SWIFT_VERSION = 5.0;
				TARGETED_DEVICE_FAMILY = 1;
			};
			name = Release;
		};
/* End XCBuildConfiguration section */

/* Begin XCConfigurationList section */
		97081EA724165352007A9C50 /* Build configuration list for PBXProject "AppAlbum" */ = {
			isa = XCConfigurationList;
			buildConfigurations = (
				97081EBE24165353007A9C50 /* Debug */,
				97081EBF24165353007A9C50 /* Release */,
			);
			defaultConfigurationIsVisible = 0;
			defaultConfigurationName = Release;
		};
		97081EC024165353007A9C50 /* Build configuration list for PBXNativeTarget "AppAlbum" */ = {
			isa = XCConfigurationList;
			buildConfigurations = (
				97081EC124165353007A9C50 /* Debug */,
				97081EC224165353007A9C50 /* Release */,
			);
			defaultConfigurationIsVisible = 0;
			defaultConfigurationName = Release;
		};
/* End XCConfigurationList section */
	};
	rootObject = 97081EA424165352007A9C50 /* Project object */;
}
